
Microsoft Visual Studio Solution File, Format Version 12.00
# Visual Studio Version 17
VisualStudioVersion = 17.3.32804.467
MinimumVisualStudioVersion = 10.0.40219.1
Project("{9A19103F-16F7-4668-BE54-9A1E7A4F7556}") = "NoteOrganizer", "..\projects\NoteOrganizer\NoteOrganizer.csproj", "{B18BA971-BC5E-4420-9976-640E234F43FD}"
EndProject
Project("{FAE04EC0-301F-11D3-BF4B-00C04F79EFBC}") = "NoteOrganizer.Views", "..\projects\NoteOrganizer.Views\NoteOrganizer.Views.csproj", "{464C6159-FE96-40AB-BFAB-ECA2A7E190D1}"
EndProject
Global
	GlobalSection(SolutionConfigurationPlatforms) = preSolution
		Debug|Any CPU = Debug|Any CPU
		Release|Any CPU = Release|Any CPU
	EndGlobalSection
	GlobalSection(ProjectConfigurationPlatforms) = postSolution
		{B18BA971-BC5E-4420-9976-640E234F43FD}.Debug|Any CPU.ActiveCfg = Debug|Any CPU
		{B18BA971-BC5E-4420-9976-640E234F43FD}.Debug|Any CPU.Build.0 = Debug|Any CPU
		{B18BA971-BC5E-4420-9976-640E234F43FD}.Release|Any CPU.ActiveCfg = Release|Any CPU
		{B18BA971-BC5E-4420-9976-640E234F43FD}.Release|Any CPU.Build.0 = Release|Any CPU
		{464C6159-FE96-40AB-BFAB-ECA2A7E190D1}.Debug|Any CPU.ActiveCfg = Debug|Any CPU
		{464C6159-FE96-40AB-BFAB-ECA2A7E190D1}.Debug|Any CPU.Build.0 = Debug|Any CPU
		{464C6159-FE96-40AB-BFAB-ECA2A7E190D1}.Release|Any CPU.ActiveCfg = Release|Any CPU
		{464C6159-FE96-40AB-BFAB-ECA2A7E190D1}.Release|Any CPU.Build.0 = Release|Any CPU
	EndGlobalSection
	GlobalSection(SolutionProperties) = preSolution
		HideSolutionNode = FALSE
	EndGlobalSection
	GlobalSection(ExtensibilityGlobals) = postSolution
		SolutionGuid = {2EA623B1-4348-4AC7-9B4D-A6C4DBE1059C}
	EndGlobalSection
EndGlobal
